// !$*UTF8*$!
{
	archiveVersion = 1;
	classes = {
	};
	objectVersion = 56;
	objects = {

/* Begin PBXBuildFile section */
		8F4A19628EC52B4B8D8429B4 /* Pods_IoTConnect2.framework in Frameworks */ = {isa = PBXBuildFile; fileRef = 42AA5812BD04FE280F7EAEA2 /* Pods_IoTConnect2.framework */; };
		DD5609C92AFE2D39007E67FF /* IoTConnect2.h in Headers */ = {isa = PBXBuildFile; fileRef = DD5609C82AFE2D39007E67FF /* IoTConnect2.h */; settings = {ATTRIBUTES = (Public, ); }; };
		DD560A032AFE327F007E67FF /* LICENSE in Resources */ = {isa = PBXBuildFile; fileRef = DD5609D12AFE327F007E67FF /* LICENSE */; };
		DD560A042AFE327F007E67FF /* Reachability.swift in Sources */ = {isa = PBXBuildFile; fileRef = DD5609D22AFE327F007E67FF /* Reachability.swift */; };
		DD560A052AFE327F007E67FF /* MqttClientService.swift in Sources */ = {isa = PBXBuildFile; fileRef = DD5609D42AFE327F007E67FF /* MqttClientService.swift */; };
		DD560A062AFE327F007E67FF /* MqttClientDelegate.swift in Sources */ = {isa = PBXBuildFile; fileRef = DD5609D52AFE327F007E67FF /* MqttClientDelegate.swift */; };
		DD560A072AFE327F007E67FF /* MqttClientManager.swift in Sources */ = {isa = PBXBuildFile; fileRef = DD5609D62AFE327F007E67FF /* MqttClientManager.swift */; };
		DD560A082AFE327F007E67FF /* CocoaMqttConfig.swift in Sources */ = {isa = PBXBuildFile; fileRef = DD5609D72AFE327F007E67FF /* CocoaMqttConfig.swift */; };
		DD560A092AFE327F007E67FF /* Config.swift in Sources */ = {isa = PBXBuildFile; fileRef = DD5609D82AFE327F007E67FF /* Config.swift */; };
		DD560A0A2AFE327F007E67FF /* OfflineStorageOption.swift in Sources */ = {isa = PBXBuildFile; fileRef = DD5609DA2AFE327F007E67FF /* OfflineStorageOption.swift */; };
		DD560A0B2AFE327F007E67FF /* Identity.swift in Sources */ = {isa = PBXBuildFile; fileRef = DD5609DB2AFE327F007E67FF /* Identity.swift */; };
		DD560A0C2AFE327F007E67FF /* SDKClientOption.swift in Sources */ = {isa = PBXBuildFile; fileRef = DD5609DC2AFE327F007E67FF /* SDKClientOption.swift */; };
		DD560A0D2AFE327F007E67FF /* SSLOption.swift in Sources */ = {isa = PBXBuildFile; fileRef = DD5609DD2AFE327F007E67FF /* SSLOption.swift */; };
		DD560A0E2AFE327F007E67FF /* Attributes.swift in Sources */ = {isa = PBXBuildFile; fileRef = DD5609DE2AFE327F007E67FF /* Attributes.swift */; };
		DD560A0F2AFE327F007E67FF /* BrokerType.swift in Sources */ = {isa = PBXBuildFile; fileRef = DD5609DF2AFE327F007E67FF /* BrokerType.swift */; };
		DD560A102AFE327F007E67FF /* File.swift in Sources */ = {isa = PBXBuildFile; fileRef = DD5609E02AFE327F007E67FF /* File.swift */; };
		DD560A112AFE327F007E67FF /* Discovery.swift in Sources */ = {isa = PBXBuildFile; fileRef = DD5609E12AFE327F007E67FF /* Discovery.swift */; };
		DD560A122AFE327F007E67FF /* IoTConnectConfig.swift in Sources */ = {isa = PBXBuildFile; fileRef = DD5609E22AFE327F007E67FF /* IoTConnectConfig.swift */; };
		DD560A132AFE327F007E67FF /* IoTData.swift in Sources */ = {isa = PBXBuildFile; fileRef = DD5609E32AFE327F007E67FF /* IoTData.swift */; };
		DD560A142AFE327F007E67FF /* Packaging.log in Resources */ = {isa = PBXBuildFile; fileRef = DD5609E52AFE327F007E67FF /* Packaging.log */; };
		DD560A152AFE327F007E67FF /* ExportOptions.plist in Resources */ = {isa = PBXBuildFile; fileRef = DD5609E62AFE327F007E67FF /* ExportOptions.plist */; };
		DD560A162AFE327F007E67FF /* DistributionSummary.plist in Resources */ = {isa = PBXBuildFile; fileRef = DD5609E72AFE327F007E67FF /* DistributionSummary.plist */; };
		DD560A172AFE327F007E67FF /* CacheService.swift in Sources */ = {isa = PBXBuildFile; fileRef = DD5609E92AFE327F007E67FF /* CacheService.swift */; };
		DD560A182AFE327F007E67FF /* CacheManagerDelegate.swift in Sources */ = {isa = PBXBuildFile; fileRef = DD5609EA2AFE327F007E67FF /* CacheManagerDelegate.swift */; };
		DD560A192AFE327F007E67FF /* CachProtocol.swift in Sources */ = {isa = PBXBuildFile; fileRef = DD5609EB2AFE327F007E67FF /* CachProtocol.swift */; };
		DD560A1A2AFE327F007E67FF /* CacheManager.swift in Sources */ = {isa = PBXBuildFile; fileRef = DD5609EC2AFE327F007E67FF /* CacheManager.swift */; };
		DD560A1B2AFE327F007E67FF /* CacheModel.swift in Sources */ = {isa = PBXBuildFile; fileRef = DD5609ED2AFE327F007E67FF /* CacheModel.swift */; };
		DD560A1C2AFE327F007E67FF /* MQTTClient.swift in Sources */ = {isa = PBXBuildFile; fileRef = DD5609EE2AFE327F007E67FF /* MQTTClient.swift */; };
		DD560A1D2AFE327F007E67FF /* Common.swift in Sources */ = {isa = PBXBuildFile; fileRef = DD5609F12AFE327F007E67FF /* Common.swift */; };
		DD560A1E2AFE327F007E67FF /* HTTPManagerDelegate.swift in Sources */ = {isa = PBXBuildFile; fileRef = DD5609F22AFE327F007E67FF /* HTTPManagerDelegate.swift */; };
		DD560A1F2AFE327F007E67FF /* HTTPRequestConfig.swift in Sources */ = {isa = PBXBuildFile; fileRef = DD5609F32AFE327F007E67FF /* HTTPRequestConfig.swift */; };
		DD560A202AFE327F007E67FF /* HTTPManager.swift in Sources */ = {isa = PBXBuildFile; fileRef = DD5609F42AFE327F007E67FF /* HTTPManager.swift */; };
		DD560A212AFE327F007E67FF /* NetworkConstants.swift in Sources */ = {isa = PBXBuildFile; fileRef = DD5609F52AFE327F007E67FF /* NetworkConstants.swift */; };
		DD560A222AFE327F007E67FF /* HTTPService.swift in Sources */ = {isa = PBXBuildFile; fileRef = DD5609F62AFE327F007E67FF /* HTTPService.swift */; };
		DD560A232AFE327F007E67FF /* Date+Extension.swift in Sources */ = {isa = PBXBuildFile; fileRef = DD5609F82AFE327F007E67FF /* Date+Extension.swift */; };
		DD560A242AFE327F007E67FF /* Extension.swift in Sources */ = {isa = PBXBuildFile; fileRef = DD5609F92AFE327F007E67FF /* Extension.swift */; };
		DD560A262AFE327F007E67FF /* IoTConnect_2_0.h in Headers */ = {isa = PBXBuildFile; fileRef = DD5609FB2AFE327F007E67FF /* IoTConnect_2_0.h */; };
		DD560A272AFE327F007E67FF /* SDKClient.swift in Sources */ = {isa = PBXBuildFile; fileRef = DD5609FC2AFE327F007E67FF /* SDKClient.swift */; };
		DD560A292AFE327F007E67FF /* IoTConnectManager.swift in Sources */ = {isa = PBXBuildFile; fileRef = DD5609FF2AFE327F007E67FF /* IoTConnectManager.swift */; };
		DD560A2A2AFE327F007E67FF /* IoTConnectService.swift in Sources */ = {isa = PBXBuildFile; fileRef = DD560A002AFE327F007E67FF /* IoTConnectService.swift */; };
		DD560A2B2AFE327F007E67FF /* IoTConnectDelegate.swift in Sources */ = {isa = PBXBuildFile; fileRef = DD560A012AFE327F007E67FF /* IoTConnectDelegate.swift */; };
		DD560A2C2AFE327F007E67FF /* ErrosLog.swift in Sources */ = {isa = PBXBuildFile; fileRef = DD560A022AFE327F007E67FF /* ErrosLog.swift */; };
		DD560A2F2AFE34E8007E67FF /* CocoaMQTT.framework in Frameworks */ = {isa = PBXBuildFile; fileRef = DD560A2D2AFE34E8007E67FF /* CocoaMQTT.framework */; };
		DD560A312AFE34E8007E67FF /* MqttCocoaAsyncSocket.framework in Frameworks */ = {isa = PBXBuildFile; fileRef = DD560A2E2AFE34E8007E67FF /* MqttCocoaAsyncSocket.framework */; };
		DDFC63512B0B39C600EF36FA /* IoTConnect2.framework in Frameworks */ = {isa = PBXBuildFile; fileRef = DDFC63502B0B39C600EF36FA /* IoTConnect2.framework */; };
/* End PBXBuildFile section */

/* Begin PBXFileReference section */
		42AA5812BD04FE280F7EAEA2 /* Pods_IoTConnect2.framework */ = {isa = PBXFileReference; explicitFileType = wrapper.framework; includeInIndex = 0; path = Pods_IoTConnect2.framework; sourceTree = BUILT_PRODUCTS_DIR; };
		DD5609C52AFE2D39007E67FF /* IoTConnect2.framework */ = {isa = PBXFileReference; explicitFileType = wrapper.framework; includeInIndex = 0; path = IoTConnect2.framework; sourceTree = BUILT_PRODUCTS_DIR; };
		DD5609C82AFE2D39007E67FF /* IoTConnect2.h */ = {isa = PBXFileReference; lastKnownFileType = sourcecode.c.h; path = IoTConnect2.h; sourceTree = "<group>"; };
		DD5609D12AFE327F007E67FF /* LICENSE */ = {isa = PBXFileReference; fileEncoding = 4; lastKnownFileType = text; path = LICENSE; sourceTree = "<group>"; };
		DD5609D22AFE327F007E67FF /* Reachability.swift */ = {isa = PBXFileReference; fileEncoding = 4; lastKnownFileType = sourcecode.swift; path = Reachability.swift; sourceTree = "<group>"; };
		DD5609D42AFE327F007E67FF /* MqttClientService.swift */ = {isa = PBXFileReference; fileEncoding = 4; lastKnownFileType = sourcecode.swift; path = MqttClientService.swift; sourceTree = "<group>"; };
		DD5609D52AFE327F007E67FF /* MqttClientDelegate.swift */ = {isa = PBXFileReference; fileEncoding = 4; lastKnownFileType = sourcecode.swift; path = MqttClientDelegate.swift; sourceTree = "<group>"; };
		DD5609D62AFE327F007E67FF /* MqttClientManager.swift */ = {isa = PBXFileReference; fileEncoding = 4; lastKnownFileType = sourcecode.swift; path = MqttClientManager.swift; sourceTree = "<group>"; };
		DD5609D72AFE327F007E67FF /* CocoaMqttConfig.swift */ = {isa = PBXFileReference; fileEncoding = 4; lastKnownFileType = sourcecode.swift; path = CocoaMqttConfig.swift; sourceTree = "<group>"; };
		DD5609D82AFE327F007E67FF /* Config.swift */ = {isa = PBXFileReference; fileEncoding = 4; lastKnownFileType = sourcecode.swift; path = Config.swift; sourceTree = "<group>"; };
		DD5609DA2AFE327F007E67FF /* OfflineStorageOption.swift */ = {isa = PBXFileReference; fileEncoding = 4; lastKnownFileType = sourcecode.swift; path = OfflineStorageOption.swift; sourceTree = "<group>"; };
		DD5609DB2AFE327F007E67FF /* Identity.swift */ = {isa = PBXFileReference; fileEncoding = 4; lastKnownFileType = sourcecode.swift; path = Identity.swift; sourceTree = "<group>"; };
		DD5609DC2AFE327F007E67FF /* SDKClientOption.swift */ = {isa = PBXFileReference; fileEncoding = 4; lastKnownFileType = sourcecode.swift; path = SDKClientOption.swift; sourceTree = "<group>"; };
		DD5609DD2AFE327F007E67FF /* SSLOption.swift */ = {isa = PBXFileReference; fileEncoding = 4; lastKnownFileType = sourcecode.swift; path = SSLOption.swift; sourceTree = "<group>"; };
		DD5609DE2AFE327F007E67FF /* Attributes.swift */ = {isa = PBXFileReference; fileEncoding = 4; lastKnownFileType = sourcecode.swift; path = Attributes.swift; sourceTree = "<group>"; };
		DD5609DF2AFE327F007E67FF /* BrokerType.swift */ = {isa = PBXFileReference; fileEncoding = 4; lastKnownFileType = sourcecode.swift; path = BrokerType.swift; sourceTree = "<group>"; };
		DD5609E02AFE327F007E67FF /* File.swift */ = {isa = PBXFileReference; fileEncoding = 4; lastKnownFileType = sourcecode.swift; path = File.swift; sourceTree = "<group>"; };
		DD5609E12AFE327F007E67FF /* Discovery.swift */ = {isa = PBXFileReference; fileEncoding = 4; lastKnownFileType = sourcecode.swift; path = Discovery.swift; sourceTree = "<group>"; };
		DD5609E22AFE327F007E67FF /* IoTConnectConfig.swift */ = {isa = PBXFileReference; fileEncoding = 4; lastKnownFileType = sourcecode.swift; path = IoTConnectConfig.swift; sourceTree = "<group>"; };
		DD5609E32AFE327F007E67FF /* IoTData.swift */ = {isa = PBXFileReference; fileEncoding = 4; lastKnownFileType = sourcecode.swift; path = IoTData.swift; sourceTree = "<group>"; };
		DD5609E52AFE327F007E67FF /* Packaging.log */ = {isa = PBXFileReference; fileEncoding = 4; lastKnownFileType = text; path = Packaging.log; sourceTree = "<group>"; };
		DD5609E62AFE327F007E67FF /* ExportOptions.plist */ = {isa = PBXFileReference; fileEncoding = 4; lastKnownFileType = text.plist.xml; path = ExportOptions.plist; sourceTree = "<group>"; };
		DD5609E72AFE327F007E67FF /* DistributionSummary.plist */ = {isa = PBXFileReference; fileEncoding = 4; lastKnownFileType = text.plist.xml; path = DistributionSummary.plist; sourceTree = "<group>"; };
		DD5609E92AFE327F007E67FF /* CacheService.swift */ = {isa = PBXFileReference; fileEncoding = 4; lastKnownFileType = sourcecode.swift; path = CacheService.swift; sourceTree = "<group>"; };
		DD5609EA2AFE327F007E67FF /* CacheManagerDelegate.swift */ = {isa = PBXFileReference; fileEncoding = 4; lastKnownFileType = sourcecode.swift; path = CacheManagerDelegate.swift; sourceTree = "<group>"; };
		DD5609EB2AFE327F007E67FF /* CachProtocol.swift */ = {isa = PBXFileReference; fileEncoding = 4; lastKnownFileType = sourcecode.swift; path = CachProtocol.swift; sourceTree = "<group>"; };
		DD5609EC2AFE327F007E67FF /* CacheManager.swift */ = {isa = PBXFileReference; fileEncoding = 4; lastKnownFileType = sourcecode.swift; path = CacheManager.swift; sourceTree = "<group>"; };
		DD5609ED2AFE327F007E67FF /* CacheModel.swift */ = {isa = PBXFileReference; fileEncoding = 4; lastKnownFileType = sourcecode.swift; path = CacheModel.swift; sourceTree = "<group>"; };
		DD5609EE2AFE327F007E67FF /* MQTTClient.swift */ = {isa = PBXFileReference; fileEncoding = 4; lastKnownFileType = sourcecode.swift; path = MQTTClient.swift; sourceTree = "<group>"; };
		DD5609F12AFE327F007E67FF /* Common.swift */ = {isa = PBXFileReference; fileEncoding = 4; lastKnownFileType = sourcecode.swift; path = Common.swift; sourceTree = "<group>"; };
		DD5609F22AFE327F007E67FF /* HTTPManagerDelegate.swift */ = {isa = PBXFileReference; fileEncoding = 4; lastKnownFileType = sourcecode.swift; path = HTTPManagerDelegate.swift; sourceTree = "<group>"; };
		DD5609F32AFE327F007E67FF /* HTTPRequestConfig.swift */ = {isa = PBXFileReference; fileEncoding = 4; lastKnownFileType = sourcecode.swift; path = HTTPRequestConfig.swift; sourceTree = "<group>"; };
		DD5609F42AFE327F007E67FF /* HTTPManager.swift */ = {isa = PBXFileReference; fileEncoding = 4; lastKnownFileType = sourcecode.swift; path = HTTPManager.swift; sourceTree = "<group>"; };
		DD5609F52AFE327F007E67FF /* NetworkConstants.swift */ = {isa = PBXFileReference; fileEncoding = 4; lastKnownFileType = sourcecode.swift; path = NetworkConstants.swift; sourceTree = "<group>"; };
		DD5609F62AFE327F007E67FF /* HTTPService.swift */ = {isa = PBXFileReference; fileEncoding = 4; lastKnownFileType = sourcecode.swift; path = HTTPService.swift; sourceTree = "<group>"; };
		DD5609F82AFE327F007E67FF /* Date+Extension.swift */ = {isa = PBXFileReference; fileEncoding = 4; lastKnownFileType = sourcecode.swift; path = "Date+Extension.swift"; sourceTree = "<group>"; };
		DD5609F92AFE327F007E67FF /* Extension.swift */ = {isa = PBXFileReference; fileEncoding = 4; lastKnownFileType = sourcecode.swift; path = Extension.swift; sourceTree = "<group>"; };
		DD5609FB2AFE327F007E67FF /* IoTConnect_2_0.h */ = {isa = PBXFileReference; fileEncoding = 4; lastKnownFileType = sourcecode.c.h; path = IoTConnect_2_0.h; sourceTree = "<group>"; };
		DD5609FC2AFE327F007E67FF /* SDKClient.swift */ = {isa = PBXFileReference; fileEncoding = 4; lastKnownFileType = sourcecode.swift; path = SDKClient.swift; sourceTree = "<group>"; };
		DD5609FF2AFE327F007E67FF /* IoTConnectManager.swift */ = {isa = PBXFileReference; fileEncoding = 4; lastKnownFileType = sourcecode.swift; path = IoTConnectManager.swift; sourceTree = "<group>"; };
		DD560A002AFE327F007E67FF /* IoTConnectService.swift */ = {isa = PBXFileReference; fileEncoding = 4; lastKnownFileType = sourcecode.swift; path = IoTConnectService.swift; sourceTree = "<group>"; };
		DD560A012AFE327F007E67FF /* IoTConnectDelegate.swift */ = {isa = PBXFileReference; fileEncoding = 4; lastKnownFileType = sourcecode.swift; path = IoTConnectDelegate.swift; sourceTree = "<group>"; };
		DD560A022AFE327F007E67FF /* ErrosLog.swift */ = {isa = PBXFileReference; fileEncoding = 4; lastKnownFileType = sourcecode.swift; path = ErrosLog.swift; sourceTree = "<group>"; };
		DD560A2D2AFE34E8007E67FF /* CocoaMQTT.framework */ = {isa = PBXFileReference; explicitFileType = wrapper.framework; path = CocoaMQTT.framework; sourceTree = BUILT_PRODUCTS_DIR; };
		DD560A2E2AFE34E8007E67FF /* MqttCocoaAsyncSocket.framework */ = {isa = PBXFileReference; explicitFileType = wrapper.framework; path = MqttCocoaAsyncSocket.framework; sourceTree = BUILT_PRODUCTS_DIR; };
		DD5FF726633E9928781CC1C3 /* Pods-IoTConnect2.release.xcconfig */ = {isa = PBXFileReference; includeInIndex = 1; lastKnownFileType = text.xcconfig; name = "Pods-IoTConnect2.release.xcconfig"; path = "Target Support Files/Pods-IoTConnect2/Pods-IoTConnect2.release.xcconfig"; sourceTree = "<group>"; };
		DDFC63502B0B39C600EF36FA /* IoTConnect2.framework */ = {isa = PBXFileReference; lastKnownFileType = wrapper.framework; path = IoTConnect2.framework; sourceTree = "<group>"; };
		F48217A0DC053D0EDC269311 /* Pods-IoTConnect2.debug.xcconfig */ = {isa = PBXFileReference; includeInIndex = 1; lastKnownFileType = text.xcconfig; name = "Pods-IoTConnect2.debug.xcconfig"; path = "Target Support Files/Pods-IoTConnect2/Pods-IoTConnect2.debug.xcconfig"; sourceTree = "<group>"; };
/* End PBXFileReference section */

/* Begin PBXFrameworksBuildPhase section */
		DD5609C22AFE2D39007E67FF /* Frameworks */ = {
			isa = PBXFrameworksBuildPhase;
			buildActionMask = 2147483647;
			files = (
				DD560A2F2AFE34E8007E67FF /* CocoaMQTT.framework in Frameworks */,
				DDFC63512B0B39C600EF36FA /* IoTConnect2.framework in Frameworks */,
				DD560A312AFE34E8007E67FF /* MqttCocoaAsyncSocket.framework in Frameworks */,
				8F4A19628EC52B4B8D8429B4 /* Pods_IoTConnect2.framework in Frameworks */,
			);
			runOnlyForDeploymentPostprocessing = 0;
		};
/* End PBXFrameworksBuildPhase section */

/* Begin PBXGroup section */
		44510E8DC9C6BE9C3C99BD7B /* Pods */ = {
			isa = PBXGroup;
			children = (
				F48217A0DC053D0EDC269311 /* Pods-IoTConnect2.debug.xcconfig */,
				DD5FF726633E9928781CC1C3 /* Pods-IoTConnect2.release.xcconfig */,
			);
			path = Pods;
			sourceTree = "<group>";
		};
		5BC120F44E41CA149FF70953 /* Frameworks */ = {
			isa = PBXGroup;
			children = (
				DD560A2D2AFE34E8007E67FF /* CocoaMQTT.framework */,
				DD560A2E2AFE34E8007E67FF /* MqttCocoaAsyncSocket.framework */,
				42AA5812BD04FE280F7EAEA2 /* Pods_IoTConnect2.framework */,
			);
			name = Frameworks;
			sourceTree = "<group>";
		};
		DD5609BB2AFE2D39007E67FF = {
			isa = PBXGroup;
			children = (
				DD5609C72AFE2D39007E67FF /* IoTConnect2 */,
				DD5609C62AFE2D39007E67FF /* Products */,
				44510E8DC9C6BE9C3C99BD7B /* Pods */,
				5BC120F44E41CA149FF70953 /* Frameworks */,
			);
			sourceTree = "<group>";
		};
		DD5609C62AFE2D39007E67FF /* Products */ = {
			isa = PBXGroup;
			children = (
				DD5609C52AFE2D39007E67FF /* IoTConnect2.framework */,
			);
			name = Products;
			sourceTree = "<group>";
		};
		DD5609C72AFE2D39007E67FF /* IoTConnect2 */ = {
			isa = PBXGroup;
			children = (
				DD5609C82AFE2D39007E67FF /* IoTConnect2.h */,
				DD5609CF2AFE327F007E67FF /* IoTConnect_2.0 */,
			);
			path = IoTConnect2;
			sourceTree = "<group>";
		};
		DD5609CF2AFE327F007E67FF /* IoTConnect_2.0 */ = {
			isa = PBXGroup;
			children = (
				DDFC634F2B0B395A00EF36FA /* Frameworks */,
				DD5609D02AFE327F007E67FF /* OtherFramwork */,
				DD5609D32AFE327F007E67FF /* MqttClient */,
				DD5609D82AFE327F007E67FF /* Config.swift */,
				DD5609D92AFE327F007E67FF /* Models */,
				DD5609E82AFE327F007E67FF /* Storage */,
				DD5609EE2AFE327F007E67FF /* MQTTClient.swift */,
				DD5609EF2AFE327F007E67FF /* common */,
				DD5609FB2AFE327F007E67FF /* IoTConnect_2_0.h */,
				DD5609FC2AFE327F007E67FF /* SDKClient.swift */,
				DD5609FE2AFE327F007E67FF /* IoTConnectManager */,
				DD560A022AFE327F007E67FF /* ErrosLog.swift */,
			);
			path = IoTConnect_2.0;
			sourceTree = "<group>";
		};
		DD5609D02AFE327F007E67FF /* OtherFramwork */ = {
			isa = PBXGroup;
			children = (
				DD5609D12AFE327F007E67FF /* LICENSE */,
				DD5609D22AFE327F007E67FF /* Reachability.swift */,
			);
			path = OtherFramwork;
			sourceTree = "<group>";
		};
		DD5609D32AFE327F007E67FF /* MqttClient */ = {
			isa = PBXGroup;
			children = (
				DD5609D42AFE327F007E67FF /* MqttClientService.swift */,
				DD5609D52AFE327F007E67FF /* MqttClientDelegate.swift */,
				DD5609D62AFE327F007E67FF /* MqttClientManager.swift */,
				DD5609D72AFE327F007E67FF /* CocoaMqttConfig.swift */,
			);
			path = MqttClient;
			sourceTree = "<group>";
		};
		DD5609D92AFE327F007E67FF /* Models */ = {
			isa = PBXGroup;
			children = (
				DD5609DA2AFE327F007E67FF /* OfflineStorageOption.swift */,
				DD5609DB2AFE327F007E67FF /* Identity.swift */,
				DD5609DC2AFE327F007E67FF /* SDKClientOption.swift */,
				DD5609DD2AFE327F007E67FF /* SSLOption.swift */,
				DD5609DE2AFE327F007E67FF /* Attributes.swift */,
				DD5609DF2AFE327F007E67FF /* BrokerType.swift */,
				DD5609E02AFE327F007E67FF /* File.swift */,
				DD5609E12AFE327F007E67FF /* Discovery.swift */,
				DD5609E22AFE327F007E67FF /* IoTConnectConfig.swift */,
				DD5609E32AFE327F007E67FF /* IoTData.swift */,
				DD5609E42AFE327F007E67FF /* IoTConnectDemo 2023-09-29 11-45-13 */,
			);
			path = Models;
			sourceTree = "<group>";
		};
		DD5609E42AFE327F007E67FF /* IoTConnectDemo 2023-09-29 11-45-13 */ = {
			isa = PBXGroup;
			children = (
				DD5609E52AFE327F007E67FF /* Packaging.log */,
				DD5609E62AFE327F007E67FF /* ExportOptions.plist */,
				DD5609E72AFE327F007E67FF /* DistributionSummary.plist */,
			);
			path = "IoTConnectDemo 2023-09-29 11-45-13";
			sourceTree = "<group>";
		};
		DD5609E82AFE327F007E67FF /* Storage */ = {
			isa = PBXGroup;
			children = (
				DD5609E92AFE327F007E67FF /* CacheService.swift */,
				DD5609EA2AFE327F007E67FF /* CacheManagerDelegate.swift */,
				DD5609EB2AFE327F007E67FF /* CachProtocol.swift */,
				DD5609EC2AFE327F007E67FF /* CacheManager.swift */,
				DD5609ED2AFE327F007E67FF /* CacheModel.swift */,
			);
			path = Storage;
			sourceTree = "<group>";
		};
		DD5609EF2AFE327F007E67FF /* common */ = {
			isa = PBXGroup;
			children = (
				DD5609F02AFE327F007E67FF /* Network */,
				DD5609F72AFE327F007E67FF /* Utilities */,
			);
			path = common;
			sourceTree = "<group>";
		};
		DD5609F02AFE327F007E67FF /* Network */ = {
			isa = PBXGroup;
			children = (
				DD5609F12AFE327F007E67FF /* Common.swift */,
				DD5609F22AFE327F007E67FF /* HTTPManagerDelegate.swift */,
				DD5609F32AFE327F007E67FF /* HTTPRequestConfig.swift */,
				DD5609F42AFE327F007E67FF /* HTTPManager.swift */,
				DD5609F52AFE327F007E67FF /* NetworkConstants.swift */,
				DD5609F62AFE327F007E67FF /* HTTPService.swift */,
			);
			path = Network;
			sourceTree = "<group>";
		};
		DD5609F72AFE327F007E67FF /* Utilities */ = {
			isa = PBXGroup;
			children = (
				DD5609F82AFE327F007E67FF /* Date+Extension.swift */,
				DD5609F92AFE327F007E67FF /* Extension.swift */,
			);
			path = Utilities;
			sourceTree = "<group>";
		};
		DD5609FE2AFE327F007E67FF /* IoTConnectManager */ = {
			isa = PBXGroup;
			children = (
				DD5609FF2AFE327F007E67FF /* IoTConnectManager.swift */,
				DD560A002AFE327F007E67FF /* IoTConnectService.swift */,
				DD560A012AFE327F007E67FF /* IoTConnectDelegate.swift */,
			);
			path = IoTConnectManager;
			sourceTree = "<group>";
		};
		DDFC634F2B0B395A00EF36FA /* Frameworks */ = {
			isa = PBXGroup;
			children = (
				DDFC63502B0B39C600EF36FA /* IoTConnect2.framework */,
			);
			path = Frameworks;
			sourceTree = "<group>";
		};
/* End PBXGroup section */

/* Begin PBXHeadersBuildPhase section */
		DD5609C02AFE2D39007E67FF /* Headers */ = {
			isa = PBXHeadersBuildPhase;
			buildActionMask = 2147483647;
			files = (
				DD560A262AFE327F007E67FF /* IoTConnect_2_0.h in Headers */,
				DD5609C92AFE2D39007E67FF /* IoTConnect2.h in Headers */,
			);
			runOnlyForDeploymentPostprocessing = 0;
		};
/* End PBXHeadersBuildPhase section */

/* Begin PBXNativeTarget section */
		DD5609C42AFE2D39007E67FF /* IoTConnect2 */ = {
			isa = PBXNativeTarget;
			buildConfigurationList = DD5609CC2AFE2D39007E67FF /* Build configuration list for PBXNativeTarget "IoTConnect2" */;
			buildPhases = (
				8CF872363754E597F5470CE6 /* [CP] Check Pods Manifest.lock */,
				DD5609C02AFE2D39007E67FF /* Headers */,
				DD5609C12AFE2D39007E67FF /* Sources */,
				DD5609C22AFE2D39007E67FF /* Frameworks */,
				DD5609C32AFE2D39007E67FF /* Resources */,
				DD560A342AFE3714007E67FF /* ShellScript */,
			);
			buildRules = (
			);
			dependencies = (
			);
			name = IoTConnect2;
			productName = IoTConnect2;
			productReference = DD5609C52AFE2D39007E67FF /* IoTConnect2.framework */;
			productType = "com.apple.product-type.framework";
		};
/* End PBXNativeTarget section */

/* Begin PBXProject section */
		DD5609BC2AFE2D39007E67FF /* Project object */ = {
			isa = PBXProject;
			attributes = {
				BuildIndependentTargetsInParallel = 1;
				LastUpgradeCheck = 1500;
				TargetAttributes = {
					DD5609C42AFE2D39007E67FF = {
						CreatedOnToolsVersion = 15.0.1;
					};
				};
			};
			buildConfigurationList = DD5609BF2AFE2D39007E67FF /* Build configuration list for PBXProject "IoTConnect2" */;
			compatibilityVersion = "Xcode 14.0";
			developmentRegion = en;
			hasScannedForEncodings = 0;
			knownRegions = (
				en,
				Base,
			);
			mainGroup = DD5609BB2AFE2D39007E67FF;
			productRefGroup = DD5609C62AFE2D39007E67FF /* Products */;
			projectDirPath = "";
			projectRoot = "";
			targets = (
				DD5609C42AFE2D39007E67FF /* IoTConnect2 */,
			);
		};
/* End PBXProject section */

/* Begin PBXResourcesBuildPhase section */
		DD5609C32AFE2D39007E67FF /* Resources */ = {
			isa = PBXResourcesBuildPhase;
			buildActionMask = 2147483647;
			files = (
				DD560A142AFE327F007E67FF /* Packaging.log in Resources */,
				DD560A162AFE327F007E67FF /* DistributionSummary.plist in Resources */,
				DD560A032AFE327F007E67FF /* LICENSE in Resources */,
				DD560A152AFE327F007E67FF /* ExportOptions.plist in Resources */,
			);
			runOnlyForDeploymentPostprocessing = 0;
		};
/* End PBXResourcesBuildPhase section */

/* Begin PBXShellScriptBuildPhase section */
		8CF872363754E597F5470CE6 /* [CP] Check Pods Manifest.lock */ = {
			isa = PBXShellScriptBuildPhase;
			buildActionMask = 2147483647;
			files = (
			);
			inputFileListPaths = (
			);
			inputPaths = (
				"${PODS_PODFILE_DIR_PATH}/Podfile.lock",
				"${PODS_ROOT}/Manifest.lock",
			);
			name = "[CP] Check Pods Manifest.lock";
			outputFileListPaths = (
			);
			outputPaths = (
				"$(DERIVED_FILE_DIR)/Pods-IoTConnect2-checkManifestLockResult.txt",
			);
			runOnlyForDeploymentPostprocessing = 0;
			shellPath = /bin/sh;
			shellScript = "diff \"${PODS_PODFILE_DIR_PATH}/Podfile.lock\" \"${PODS_ROOT}/Manifest.lock\" > /dev/null\nif [ $? != 0 ] ; then\n    # print error to STDERR\n    echo \"error: The sandbox is not in sync with the Podfile.lock. Run 'pod install' or update your CocoaPods installation.\" >&2\n    exit 1\nfi\n# This output is used by Xcode 'outputs' to avoid re-running this script phase.\necho \"SUCCESS\" > \"${SCRIPT_OUTPUT_FILE_0}\"\n";
			showEnvVarsInLog = 0;
		};
		DD560A342AFE3714007E67FF /* ShellScript */ = {
			isa = PBXShellScriptBuildPhase;
			buildActionMask = 2147483647;
			files = (
			);
			inputFileListPaths = (
			);
			inputPaths = (
			);
			outputFileListPaths = (
			);
			outputPaths = (
			);
			runOnlyForDeploymentPostprocessing = 0;
			shellPath = /bin/sh;
			shellScript = "UNIVERSAL_OUTPUTFOLDER=${BUILD_DIR}/${CONFIGURATION}-universal\nmkdir -p \"${UNIVERSAL_OUTPUTFOLDER}\"\ncp -a \"${BUILD_DIR}/${CONFIGURATION}-iphoneos/${PROJECT_NAME}.framework\" \"${UNIVERSAL_OUTPUTFOLDER}/\"\nSIMULATOR_SWIFT_MODULES_DIR=\"${BUILD_DIR}/${CONFIGURATION}-iphonesimulator/${PROJECT_NAME}.framework/Modules/${PROJECT_NAME}.swiftmodule/.\"\nif [ -d \"${SIMULATOR_SWIFT_MODULES_DIR}\" ]; then\ncp -R \"${SIMULATOR_SWIFT_MODULES_DIR}\" \"${UNIVERSAL_OUTPUTFOLDER}/${PROJECT_NAME}.framework/Modules/${PROJECT_NAME}.swiftmodule\"\nfi\nlipo -create -output \"${UNIVERSAL_OUTPUTFOLDER}/${PROJECT_NAME}.framework/${PROJECT_NAME}\" \"${BUILD_DIR}/${CONFIGURATION}-iphonesimulator/${PROJECT_NAME}.framework/${PROJECT_NAME}\" \"${BUILD_DIR}/${CONFIGURATION}-iphoneos/${PROJECT_NAME}.framework/${PROJECT_NAME}\"\ncp -R \"${UNIVERSAL_OUTPUTFOLDER}/${PROJECT_NAME}.framework\" \"${PROJECT_DIR}\"\nopen \"${UNIVERSAL_OUTPUTFOLDER}\"\n";
		};
/* End PBXShellScriptBuildPhase section */

/* Begin PBXSourcesBuildPhase section */
		DD5609C12AFE2D39007E67FF /* Sources */ = {
			isa = PBXSourcesBuildPhase;
			buildActionMask = 2147483647;
			files = (
				DD560A212AFE327F007E67FF /* NetworkConstants.swift in Sources */,
				DD560A112AFE327F007E67FF /* Discovery.swift in Sources */,
				DD560A182AFE327F007E67FF /* CacheManagerDelegate.swift in Sources */,
				DD560A292AFE327F007E67FF /* IoTConnectManager.swift in Sources */,
				DD560A1E2AFE327F007E67FF /* HTTPManagerDelegate.swift in Sources */,
				DD560A122AFE327F007E67FF /* IoTConnectConfig.swift in Sources */,
				DD560A222AFE327F007E67FF /* HTTPService.swift in Sources */,
				DD560A1F2AFE327F007E67FF /* HTTPRequestConfig.swift in Sources */,
				DD560A052AFE327F007E67FF /* MqttClientService.swift in Sources */,
				DD560A0C2AFE327F007E67FF /* SDKClientOption.swift in Sources */,
				DD560A2B2AFE327F007E67FF /* IoTConnectDelegate.swift in Sources */,
				DD560A2C2AFE327F007E67FF /* ErrosLog.swift in Sources */,
				DD560A082AFE327F007E67FF /* CocoaMqttConfig.swift in Sources */,
				DD560A1B2AFE327F007E67FF /* CacheModel.swift in Sources */,
				DD560A202AFE327F007E67FF /* HTTPManager.swift in Sources */,
				DD560A0A2AFE327F007E67FF /* OfflineStorageOption.swift in Sources */,
				DD560A192AFE327F007E67FF /* CachProtocol.swift in Sources */,
				DD560A2A2AFE327F007E67FF /* IoTConnectService.swift in Sources */,
				DD560A0B2AFE327F007E67FF /* Identity.swift in Sources */,
				DD560A242AFE327F007E67FF /* Extension.swift in Sources */,
				DD560A042AFE327F007E67FF /* Reachability.swift in Sources */,
				DD560A232AFE327F007E67FF /* Date+Extension.swift in Sources */,
				DD560A072AFE327F007E67FF /* MqttClientManager.swift in Sources */,
				DD560A0E2AFE327F007E67FF /* Attributes.swift in Sources */,
				DD560A062AFE327F007E67FF /* MqttClientDelegate.swift in Sources */,
				DD560A092AFE327F007E67FF /* Config.swift in Sources */,
				DD560A102AFE327F007E67FF /* File.swift in Sources */,
				DD560A1D2AFE327F007E67FF /* Common.swift in Sources */,
				DD560A0F2AFE327F007E67FF /* BrokerType.swift in Sources */,
				DD560A1A2AFE327F007E67FF /* CacheManager.swift in Sources */,
				DD560A272AFE327F007E67FF /* SDKClient.swift in Sources */,
				DD560A1C2AFE327F007E67FF /* MQTTClient.swift in Sources */,
				DD560A132AFE327F007E67FF /* IoTData.swift in Sources */,
				DD560A0D2AFE327F007E67FF /* SSLOption.swift in Sources */,
				DD560A172AFE327F007E67FF /* CacheService.swift in Sources */,
			);
			runOnlyForDeploymentPostprocessing = 0;
		};
/* End PBXSourcesBuildPhase section */

/* Begin XCBuildConfiguration section */
		DD5609CA2AFE2D39007E67FF /* Debug */ = {
			isa = XCBuildConfiguration;
			buildSettings = {
				ALWAYS_SEARCH_USER_PATHS = NO;
				ASSETCATALOG_COMPILER_GENERATE_SWIFT_ASSET_SYMBOL_EXTENSIONS = YES;
				CLANG_ANALYZER_NONNULL = YES;
				CLANG_ANALYZER_NUMBER_OBJECT_CONVERSION = YES_AGGRESSIVE;
				CLANG_CXX_LANGUAGE_STANDARD = "gnu++20";
				CLANG_ENABLE_MODULES = YES;
				CLANG_ENABLE_OBJC_ARC = YES;
				CLANG_ENABLE_OBJC_WEAK = YES;
				CLANG_WARN_BLOCK_CAPTURE_AUTORELEASING = YES;
				CLANG_WARN_BOOL_CONVERSION = YES;
				CLANG_WARN_COMMA = YES;
				CLANG_WARN_CONSTANT_CONVERSION = YES;
				CLANG_WARN_DEPRECATED_OBJC_IMPLEMENTATIONS = YES;
				CLANG_WARN_DIRECT_OBJC_ISA_USAGE = YES_ERROR;
				CLANG_WARN_DOCUMENTATION_COMMENTS = YES;
				CLANG_WARN_EMPTY_BODY = YES;
				CLANG_WARN_ENUM_CONVERSION = YES;
				CLANG_WARN_INFINITE_RECURSION = YES;
				CLANG_WARN_INT_CONVERSION = YES;
				CLANG_WARN_NON_LITERAL_NULL_CONVERSION = YES;
				CLANG_WARN_OBJC_IMPLICIT_RETAIN_SELF = YES;
				CLANG_WARN_OBJC_LITERAL_CONVERSION = YES;
				CLANG_WARN_OBJC_ROOT_CLASS = YES_ERROR;
				CLANG_WARN_QUOTED_INCLUDE_IN_FRAMEWORK_HEADER = YES;
				CLANG_WARN_RANGE_LOOP_ANALYSIS = YES;
				CLANG_WARN_STRICT_PROTOTYPES = YES;
				CLANG_WARN_SUSPICIOUS_MOVE = YES;
				CLANG_WARN_UNGUARDED_AVAILABILITY = YES_AGGRESSIVE;
				CLANG_WARN_UNREACHABLE_CODE = YES;
				CLANG_WARN__DUPLICATE_METHOD_MATCH = YES;
				COPY_PHASE_STRIP = NO;
				CURRENT_PROJECT_VERSION = 1;
				DEBUG_INFORMATION_FORMAT = dwarf;
				ENABLE_STRICT_OBJC_MSGSEND = YES;
				ENABLE_TESTABILITY = YES;
				ENABLE_USER_SCRIPT_SANDBOXING = YES;
				GCC_C_LANGUAGE_STANDARD = gnu17;
				GCC_DYNAMIC_NO_PIC = NO;
				GCC_NO_COMMON_BLOCKS = YES;
				GCC_OPTIMIZATION_LEVEL = 0;
				GCC_PREPROCESSOR_DEFINITIONS = (
					"DEBUG=1",
					"$(inherited)",
				);
				GCC_WARN_64_TO_32_BIT_CONVERSION = YES;
				GCC_WARN_ABOUT_RETURN_TYPE = YES_ERROR;
				GCC_WARN_UNDECLARED_SELECTOR = YES;
				GCC_WARN_UNINITIALIZED_AUTOS = YES_AGGRESSIVE;
				GCC_WARN_UNUSED_FUNCTION = YES;
				GCC_WARN_UNUSED_VARIABLE = YES;
				IPHONEOS_DEPLOYMENT_TARGET = 17.0;
				LOCALIZATION_PREFERS_STRING_CATALOGS = YES;
				MTL_ENABLE_DEBUG_INFO = INCLUDE_SOURCE;
				MTL_FAST_MATH = YES;
				ONLY_ACTIVE_ARCH = YES;
				SDKROOT = iphoneos;
				SWIFT_ACTIVE_COMPILATION_CONDITIONS = "DEBUG $(inherited)";
				SWIFT_OPTIMIZATION_LEVEL = "-Onone";
				VERSIONING_SYSTEM = "apple-generic";
				VERSION_INFO_PREFIX = "";
			};
			name = Debug;
		};
		DD5609CB2AFE2D39007E67FF /* Release */ = {
			isa = XCBuildConfiguration;
			buildSettings = {
				ALWAYS_SEARCH_USER_PATHS = NO;
				ASSETCATALOG_COMPILER_GENERATE_SWIFT_ASSET_SYMBOL_EXTENSIONS = YES;
				CLANG_ANALYZER_NONNULL = YES;
				CLANG_ANALYZER_NUMBER_OBJECT_CONVERSION = YES_AGGRESSIVE;
				CLANG_CXX_LANGUAGE_STANDARD = "gnu++20";
				CLANG_ENABLE_MODULES = YES;
				CLANG_ENABLE_OBJC_ARC = YES;
				CLANG_ENABLE_OBJC_WEAK = YES;
				CLANG_WARN_BLOCK_CAPTURE_AUTORELEASING = YES;
				CLANG_WARN_BOOL_CONVERSION = YES;
				CLANG_WARN_COMMA = YES;
				CLANG_WARN_CONSTANT_CONVERSION = YES;
				CLANG_WARN_DEPRECATED_OBJC_IMPLEMENTATIONS = YES;
				CLANG_WARN_DIRECT_OBJC_ISA_USAGE = YES_ERROR;
				CLANG_WARN_DOCUMENTATION_COMMENTS = YES;
				CLANG_WARN_EMPTY_BODY = YES;
				CLANG_WARN_ENUM_CONVERSION = YES;
				CLANG_WARN_INFINITE_RECURSION = YES;
				CLANG_WARN_INT_CONVERSION = YES;
				CLANG_WARN_NON_LITERAL_NULL_CONVERSION = YES;
				CLANG_WARN_OBJC_IMPLICIT_RETAIN_SELF = YES;
				CLANG_WARN_OBJC_LITERAL_CONVERSION = YES;
				CLANG_WARN_OBJC_ROOT_CLASS = YES_ERROR;
				CLANG_WARN_QUOTED_INCLUDE_IN_FRAMEWORK_HEADER = YES;
				CLANG_WARN_RANGE_LOOP_ANALYSIS = YES;
				CLANG_WARN_STRICT_PROTOTYPES = YES;
				CLANG_WARN_SUSPICIOUS_MOVE = YES;
				CLANG_WARN_UNGUARDED_AVAILABILITY = YES_AGGRESSIVE;
				CLANG_WARN_UNREACHABLE_CODE = YES;
				CLANG_WARN__DUPLICATE_METHOD_MATCH = YES;
				COPY_PHASE_STRIP = NO;
				CURRENT_PROJECT_VERSION = 1;
				DEBUG_INFORMATION_FORMAT = "dwarf-with-dsym";
				ENABLE_NS_ASSERTIONS = NO;
				ENABLE_STRICT_OBJC_MSGSEND = YES;
				ENABLE_USER_SCRIPT_SANDBOXING = YES;
				GCC_C_LANGUAGE_STANDARD = gnu17;
				GCC_NO_COMMON_BLOCKS = YES;
				GCC_WARN_64_TO_32_BIT_CONVERSION = YES;
				GCC_WARN_ABOUT_RETURN_TYPE = YES_ERROR;
				GCC_WARN_UNDECLARED_SELECTOR = YES;
				GCC_WARN_UNINITIALIZED_AUTOS = YES_AGGRESSIVE;
				GCC_WARN_UNUSED_FUNCTION = YES;
				GCC_WARN_UNUSED_VARIABLE = YES;
				IPHONEOS_DEPLOYMENT_TARGET = 17.0;
				LOCALIZATION_PREFERS_STRING_CATALOGS = YES;
				MTL_ENABLE_DEBUG_INFO = NO;
				MTL_FAST_MATH = YES;
				SDKROOT = iphoneos;
				SWIFT_COMPILATION_MODE = wholemodule;
				VALIDATE_PRODUCT = YES;
				VERSIONING_SYSTEM = "apple-generic";
				VERSION_INFO_PREFIX = "";
			};
			name = Release;
		};
		DD5609CD2AFE2D39007E67FF /* Debug */ = {
			isa = XCBuildConfiguration;
			baseConfigurationReference = F48217A0DC053D0EDC269311 /* Pods-IoTConnect2.debug.xcconfig */;
			buildSettings = {
				BUILD_LIBRARY_FOR_DISTRIBUTION = YES;
				CODE_SIGN_STYLE = Automatic;
				CURRENT_PROJECT_VERSION = 1;
				DEFINES_MODULE = YES;
				DYLIB_COMPATIBILITY_VERSION = 1;
				DYLIB_CURRENT_VERSION = 1;
				DYLIB_INSTALL_NAME_BASE = "@rpath";
				ENABLE_MODULE_VERIFIER = YES;
				ENABLE_USER_SCRIPT_SANDBOXING = NO;
				FRAMEWORK_SEARCH_PATHS = (
					"$(inherited)",
					"$(PROJECT_DIR)/IoTConnect2/IoTConnect_2.0/Frameworks",
				);
				GENERATE_INFOPLIST_FILE = YES;
				INFOPLIST_KEY_NSHumanReadableCopyright = "";
				INSTALL_PATH = "$(LOCAL_LIBRARY_DIR)/Frameworks";
				IPHONEOS_DEPLOYMENT_TARGET = 12.0;
				LD_RUNPATH_SEARCH_PATHS = (
					"$(inherited)",
					"@executable_path/Frameworks",
					"@loader_path/Frameworks",
					"$(BUILT_PRODUCTS_DIR)/CocoaMQTT",
					"$(BUILT_PRODUCTS_DIR)/MqttCocoaAsyncSocket",
				);
				MARKETING_VERSION = 1.0;
				MODULE_VERIFIER_SUPPORTED_LANGUAGES = "objective-c objective-c++";
				MODULE_VERIFIER_SUPPORTED_LANGUAGE_STANDARDS = "gnu17 gnu++20";
				PRODUCT_BUNDLE_IDENTIFIER = PS.IoTConnect2;
				PRODUCT_NAME = "$(TARGET_NAME:c99extidentifier)";
				SKIP_INSTALL = NO;
				SUPPORTED_PLATFORMS = "iphoneos iphonesimulator";
				SUPPORTS_MACCATALYST = NO;
				SUPPORTS_MAC_DESIGNED_FOR_IPHONE_IPAD = NO;
				SWIFT_EMIT_LOC_STRINGS = YES;
				SWIFT_VERSION = 5.0;
				TARGETED_DEVICE_FAMILY = "1,2";
			};
			name = Debug;
		};
		DD5609CE2AFE2D39007E67FF /* Release */ = {
			isa = XCBuildConfiguration;
			baseConfigurationReference = DD5FF726633E9928781CC1C3 /* Pods-IoTConnect2.release.xcconfig */;
			buildSettings = {
				BUILD_LIBRARY_FOR_DISTRIBUTION = YES;
				CODE_SIGN_STYLE = Automatic;
				CURRENT_PROJECT_VERSION = 1;
				DEFINES_MODULE = YES;
				DYLIB_COMPATIBILITY_VERSION = 1;
				DYLIB_CURRENT_VERSION = 1;
				DYLIB_INSTALL_NAME_BASE = "@rpath";
				ENABLE_MODULE_VERIFIER = YES;
				ENABLE_USER_SCRIPT_SANDBOXING = NO;
				FRAMEWORK_SEARCH_PATHS = (
					"$(inherited)",
					"$(PROJECT_DIR)/IoTConnect2/IoTConnect_2.0/Frameworks",
				);
				GENERATE_INFOPLIST_FILE = YES;
				INFOPLIST_KEY_NSHumanReadableCopyright = "";
				INSTALL_PATH = "$(LOCAL_LIBRARY_DIR)/Frameworks";
				IPHONEOS_DEPLOYMENT_TARGET = 12.0;
				LD_RUNPATH_SEARCH_PATHS = (
					"$(inherited)",
					"@executable_path/Frameworks",
					"@loader_path/Frameworks",
					"$(BUILT_PRODUCTS_DIR)/CocoaMQTT",
					"$(BUILT_PRODUCTS_DIR)/MqttCocoaAsyncSocket",
				);
				MARKETING_VERSION = 1.0;
				MODULE_VERIFIER_SUPPORTED_LANGUAGES = "objective-c objective-c++";
				MODULE_VERIFIER_SUPPORTED_LANGUAGE_STANDARDS = "gnu17 gnu++20";
				PRODUCT_BUNDLE_IDENTIFIER = PS.IoTConnect2;
				PRODUCT_NAME = "$(TARGET_NAME:c99extidentifier)";
				SKIP_INSTALL = NO;
				SUPPORTED_PLATFORMS = "iphoneos iphonesimulator";
				SUPPORTS_MACCATALYST = NO;
				SUPPORTS_MAC_DESIGNED_FOR_IPHONE_IPAD = NO;
				SWIFT_EMIT_LOC_STRINGS = YES;
				SWIFT_VERSION = 5.0;
				TARGETED_DEVICE_FAMILY = "1,2";
			};
			name = Release;
		};
/* End XCBuildConfiguration section */

/* Begin XCConfigurationList section */
		DD5609BF2AFE2D39007E67FF /* Build configuration list for PBXProject "IoTConnect2" */ = {
			isa = XCConfigurationList;
			buildConfigurations = (
				DD5609CA2AFE2D39007E67FF /* Debug */,
				DD5609CB2AFE2D39007E67FF /* Release */,
			);
			defaultConfigurationIsVisible = 0;
			defaultConfigurationName = Release;
		};
		DD5609CC2AFE2D39007E67FF /* Build configuration list for PBXNativeTarget "IoTConnect2" */ = {
			isa = XCConfigurationList;
			buildConfigurations = (
				DD5609CD2AFE2D39007E67FF /* Debug */,
				DD5609CE2AFE2D39007E67FF /* Release */,
			);
			defaultConfigurationIsVisible = 0;
			defaultConfigurationName = Release;
		};
/* End XCConfigurationList section */
	};
	rootObject = DD5609BC2AFE2D39007E67FF /* Project object */;
}
